
Microsoft Visual Studio Solution File, Format Version 12.00
# Visual Studio 15
VisualStudioVersion = 15.0.28010.2046
MinimumVisualStudioVersion = 10.0.40219.1
Project("{FAE04EC0-301F-11D3-BF4B-00C04F79EFBC}") = "GigHub", "GigHub\GigHub.csproj", "{8D2AC78E-9481-4E30-BAD0-714EF3144171}"
EndProject
Global
	GlobalSection(SolutionConfigurationPlatforms) = preSolution
		Debug|Any CPU = Debug|Any CPU
		Release|Any CPU = Release|Any CPU
	EndGlobalSection
	GlobalSection(ProjectConfigurationPlatforms) = postSolution
		{8D2AC78E-9481-4E30-BAD0-714EF3144171}.Debug|Any CPU.ActiveCfg = Debug|Any CPU
		{8D2AC78E-9481-4E30-BAD0-714EF3144171}.Debug|Any CPU.Build.0 = Debug|Any CPU
		{8D2AC78E-9481-4E30-BAD0-714EF3144171}.Release|Any CPU.ActiveCfg = Release|Any CPU
		{8D2AC78E-9481-4E30-BAD0-714EF3144171}.Release|Any CPU.Build.0 = Release|Any CPU
	EndGlobalSection
	GlobalSection(SolutionProperties) = preSolution
		HideSolutionNode = FALSE
	EndGlobalSection
	GlobalSection(ExtensibilityGlobals) = postSolution
		SolutionGuid = {925618FF-948A-442E-AA49-A0FD9FE1C1DC}
	EndGlobalSection
EndGlobal
